{
  "version": 2,
  "dependencies": {
    "net8.0-windows7.0": {
      "Grasshopper": {
        "type": "Direct",
        "requested": "[8.20.25147.11001-rc, )",
        "resolved": "8.20.25147.11001-rc",
        "contentHash": "vzETUYbb5I10Op8yHNwmK04i378PQ1sn6F/cASHEYwXZDNaCIv6znMXer3vaX9yhzSU1dAtep5fev/edqHBY2Q==",
        "dependencies": {
          "RhinoCommon": "[8.20.25147.11001-rc]"
        }
      },
      "Microsoft.Win32.SystemEvents": {
        "type": "Transitive",
        "resolved": "7.0.0",
        "contentHash": "2nXPrhdAyAzir0gLl8Yy8S5Mnm/uBSQQA7jEsILOS1MTyS7DbmV1NgViMtvV1sfCD1ebITpNwb1NIinKeJgUVQ=="
      },
      "System.Drawing.Common": {
        "type": "Transitive",
        "resolved": "7.0.0",
        "contentHash": "KIX+oBU38pxkKPxvLcLfIkOV5Ien8ReN78wro7OF5/erwcmortzeFx+iBswlh2Vz6gVne0khocQudGwaO1Ey6A==",
        "dependencies": {
          "Microsoft.Win32.SystemEvents": "7.0.0"
        }
      },
      "rhighai.core": {
        "type": "Project",
        "dependencies": {
          "System.Security.Cryptography.ProtectedData": "[8.0.0, )"
        }
      },
      "RhinoCommon": {
        "type": "CentralTransitive",
        "requested": "[8.20.25147.11001-rc, )",
        "resolved": "8.20.25147.11001-rc",
        "contentHash": "AUZD8jZdiQZtHO6ViN30YpyYQHh/noOLA/lH2r5scgglJjh7FX4nHvaj1YVlp7/LfeGEOxM/uqVQOEYQtYZHTQ==",
        "dependencies": {
          "System.Drawing.Common": "7.0.0"
        }
      },
      "System.Security.Cryptography.ProtectedData": {
        "type": "CentralTransitive",
        "requested": "[8.0.0, )",
        "resolved": "8.0.0",
        "contentHash": "+TUFINV2q2ifyXauQXRwy4CiBhqvDEDZeVJU7qfxya4aRYOKzVBpN+4acx25VcPB9ywUN6C0n8drWl110PhZEg=="
      }
    },
    "net8.0-windows7.0/win-x64": {
      "Microsoft.Win32.SystemEvents": {
        "type": "Transitive",
        "resolved": "7.0.0",
        "contentHash": "2nXPrhdAyAzir0gLl8Yy8S5Mnm/uBSQQA7jEsILOS1MTyS7DbmV1NgViMtvV1sfCD1ebITpNwb1NIinKeJgUVQ=="
      },
      "System.Drawing.Common": {
        "type": "Transitive",
        "resolved": "7.0.0",
        "contentHash": "KIX+oBU38pxkKPxvLcLfIkOV5Ien8ReN78wro7OF5/erwcmortzeFx+iBswlh2Vz6gVne0khocQudGwaO1Ey6A==",
        "dependencies": {
          "Microsoft.Win32.SystemEvents": "7.0.0"
        }
      }
    }
  }
}